
Microsoft Visual Studio Solution File, Format Version 12.00
# Visual Studio Version 16
VisualStudioVersion = 16.0.28729.10
MinimumVisualStudioVersion = 10.0.40219.1
Project("{8BC9CEB8-8B4A-11D0-8D11-00A0C91BC942}") = "KMDF Driver", "KMDF Driver\KMDF Driver.vcxproj", "{CCF62A9D-8480-4629-9CB6-59557C4C4396}"
EndProject
Global
	GlobalSection(SolutionConfigurationPlatforms) = preSolution
		Debug|ARM = Debug|ARM
		Debug|ARM64 = Debug|ARM64
		Debug|x64 = Debug|x64
		Debug|x86 = Debug|x86
		Release|ARM = Release|ARM
		Release|ARM64 = Release|ARM64
		Release|x64 = Release|x64
		Release|x86 = Release|x86
	EndGlobalSection
	GlobalSection(ProjectConfigurationPlatforms) = postSolution
		{CCF62A9D-8480-4629-9CB6-59557C4C4396}.Debug|ARM.ActiveCfg = Debug|ARM
		{CCF62A9D-8480-4629-9CB6-59557C4C4396}.Debug|ARM.Build.0 = Debug|ARM
		{CCF62A9D-8480-4629-9CB6-59557C4C4396}.Debug|ARM.Deploy.0 = Debug|ARM
		{CCF62A9D-8480-4629-9CB6-59557C4C4396}.Debug|ARM64.ActiveCfg = Debug|ARM64
		{CCF62A9D-8480-4629-9CB6-59557C4C4396}.Debug|ARM64.Build.0 = Debug|ARM64
		{CCF62A9D-8480-4629-9CB6-59557C4C4396}.Debug|ARM64.Deploy.0 = Debug|ARM64
		{CCF62A9D-8480-4629-9CB6-59557C4C4396}.Debug|x64.ActiveCfg = Debug|x64
		{CCF62A9D-8480-4629-9CB6-59557C4C4396}.Debug|x64.Build.0 = Debug|x64
		{CCF62A9D-8480-4629-9CB6-59557C4C4396}.Debug|x64.Deploy.0 = Debug|x64
		{CCF62A9D-8480-4629-9CB6-59557C4C4396}.Debug|x86.ActiveCfg = Debug|Win32
		{CCF62A9D-8480-4629-9CB6-59557C4C4396}.Debug|x86.Build.0 = Debug|Win32
		{CCF62A9D-8480-4629-9CB6-59557C4C4396}.Debug|x86.Deploy.0 = Debug|Win32
		{CCF62A9D-8480-4629-9CB6-59557C4C4396}.Release|ARM.ActiveCfg = Release|ARM
		{CCF62A9D-8480-4629-9CB6-59557C4C4396}.Release|ARM.Build.0 = Release|ARM
		{CCF62A9D-8480-4629-9CB6-59557C4C4396}.Release|ARM.Deploy.0 = Release|ARM
		{CCF62A9D-8480-4629-9CB6-59557C4C4396}.Release|ARM64.ActiveCfg = Release|ARM64
		{CCF62A9D-8480-4629-9CB6-59557C4C4396}.Release|ARM64.Build.0 = Release|ARM64
		{CCF62A9D-8480-4629-9CB6-59557C4C4396}.Release|ARM64.Deploy.0 = Release|ARM64
		{CCF62A9D-8480-4629-9CB6-59557C4C4396}.Release|x64.ActiveCfg = Release|x64
		{CCF62A9D-8480-4629-9CB6-59557C4C4396}.Release|x64.Build.0 = Release|x64
		{CCF62A9D-8480-4629-9CB6-59557C4C4396}.Release|x64.Deploy.0 = Release|x64
		{CCF62A9D-8480-4629-9CB6-59557C4C4396}.Release|x86.ActiveCfg = Release|Win32
		{CCF62A9D-8480-4629-9CB6-59557C4C4396}.Release|x86.Build.0 = Release|Win32
		{CCF62A9D-8480-4629-9CB6-59557C4C4396}.Release|x86.Deploy.0 = Release|Win32
	EndGlobalSection
	GlobalSection(SolutionProperties) = preSolution
		HideSolutionNode = FALSE
	EndGlobalSection
	GlobalSection(ExtensibilityGlobals) = postSolution
		SolutionGuid = {6A3A64BD-5F50-449B-8FA4-6909ED0FF4C0}
	EndGlobalSection
EndGlobal
